{
  "name": "dokusho-kiroku-app",
  "version": "1.0.0",
  "lockfileVersion": 3,
  "requires": true,
  "packages": {
    "": {
      "name": "dokusho-kiroku-app",
      "version": "1.0.0",
      "dependencies": {
        "stripe": "^22.6.0"
      }
    },
    "node_modules/stripe": {
      "version": "22.6.0",
      "resolved": "https://registry.npmjs.org/stripe/-/stripe-22.6.0.tgz",
      "integrity": "sha512-Ezk+WYEEwX2DLxFrKfb6coznlCMZvCaCYMNPXNHFSZkBIEzF5Hgm7RLb38q/0h9Ol5jsUJGJRorvhzAvckgfhw==",
      "license": "MIT",
      "engines": {
        "node": ">=18"
      },
      "peerDependencies": {
        "@types/node": ">=18"
      },
      "peerDependenciesMeta": {
        "@types/node": {
          "optional": true
        }
      }
    }
  }
}
